
Microsoft Visual Studio Solution File, Format Version 12.00
# Visual Studio Version 17
VisualStudioVersion = 17.7.34221.43
MinimumVisualStudioVersion = 10.0.40219.1
Project("{FAE04EC0-301F-11D3-BF4B-00C04F79EFBC}") = "WebApplication1", "WebApplication1.csproj", "{AF56BD98-CC1F-4AA3-8857-A7209F76730C}"
EndProject
Global
	GlobalSection(SolutionConfigurationPlatforms) = preSolution
		Debug|Any CPU = Debug|Any CPU
		Release|Any CPU = Release|Any CPU
	EndGlobalSection
	GlobalSection(ProjectConfigurationPlatforms) = postSolution
		{AF56BD98-CC1F-4AA3-8857-A7209F76730C}.Debug|Any CPU.ActiveCfg = Debug|Any CPU
		{AF56BD98-CC1F-4AA3-8857-A7209F76730C}.Debug|Any CPU.Build.0 = Debug|Any CPU
		{AF56BD98-CC1F-4AA3-8857-A7209F76730C}.Release|Any CPU.ActiveCfg = Release|Any CPU
		{AF56BD98-CC1F-4AA3-8857-A7209F76730C}.Release|Any CPU.Build.0 = Release|Any CPU
	EndGlobalSection
	GlobalSection(SolutionProperties) = preSolution
		HideSolutionNode = FALSE
	EndGlobalSection
	GlobalSection(ExtensibilityGlobals) = postSolution
		SolutionGuid = {EEAD336D-7ECE-4EB5-BE27-6C13005A46C5}
	EndGlobalSection
EndGlobal
